{
  "name": "gestify",
  "lockfileVersion": 3,
  "requires": true,
  "packages": {
    "": {
      "dependencies": {
        "@types/jsonwebtoken": "^9.0.7"
      },
      "devDependencies": {
        "@types/cors": "^2.8.17",
        "@types/react-text-mask": "^5.4.14"
      }
    },
    "node_modules/@babel/runtime": {
      "version": "7.26.0",
      "resolved": "https://registry.npmjs.org/@babel/runtime/-/runtime-7.26.0.tgz",
      "integrity": "sha512-FDSOghenHTiToteC/QRlv2q3DhPZ/oOXTBoirfWNx1Cx3TMVcGWQtMMmQcSvb/JjpNeGzx8Pq/b4fKEJuWm1sw==",
      "license": "MIT",
      "dependencies": {
        "regenerator-runtime": "^0.14.0"
      },
      "engines": {
        "node": ">=6.9.0"
      }
    },
    "node_modules/@changesets/apply-release-plan": {
      "version": "7.0.6",
      "resolved": "https://registry.npmjs.org/@changesets/apply-release-plan/-/apply-release-plan-7.0.6.tgz",
      "integrity": "sha512-TKhVLtiwtQOgMAC0fCJfmv93faiViKSDqr8oMEqrnNs99gtSC1sZh/aEMS9a+dseU1ESZRCK+ofLgGY7o0fw/Q==",
      "license": "MIT",
      "dependencies": {
        "@changesets/config": "^3.0.4",
        "@changesets/get-version-range-type": "^0.4.0",
        "@changesets/git": "^3.0.2",
        "@changesets/should-skip-package": "^0.1.1",
        "@changesets/types": "^6.0.0",
        "@manypkg/get-packages": "^1.1.3",
        "detect-indent": "^6.0.0",
        "fs-extra": "^7.0.1",
        "lodash.startcase": "^4.4.0",
        "outdent": "^0.5.0",
        "prettier": "^2.7.1",
        "resolve-from": "^5.0.0",
        "semver": "^7.5.3"
      }
    },
    "node_modules/@changesets/assemble-release-plan": {
      "version": "6.0.5",
      "resolved": "https://registry.npmjs.org/@changesets/assemble-release-plan/-/assemble-release-plan-6.0.5.tgz",
      "integrity": "sha512-IgvBWLNKZd6k4t72MBTBK3nkygi0j3t3zdC1zrfusYo0KpdsvnDjrMM9vPnTCLCMlfNs55jRL4gIMybxa64FCQ==",
      "license": "MIT",
      "dependencies": {
        "@changesets/errors": "^0.2.0",
        "@changesets/get-dependents-graph": "^2.1.2",
        "@changesets/should-skip-package": "^0.1.1",
        "@changesets/types": "^6.0.0",
        "@manypkg/get-packages": "^1.1.3",
        "semver": "^7.5.3"
      }
    },
    "node_modules/@changesets/changelog-git": {
      "version": "0.2.0",
      "resolved": "https://registry.npmjs.org/@changesets/changelog-git/-/changelog-git-0.2.0.tgz",
      "integrity": "sha512-bHOx97iFI4OClIT35Lok3sJAwM31VbUM++gnMBV16fdbtBhgYu4dxsphBF/0AZZsyAHMrnM0yFcj5gZM1py6uQ==",
      "license": "MIT",
      "dependencies": {
        "@changesets/types": "^6.0.0"
      }
    },
    "node_modules/@changesets/cli": {
      "version": "2.27.10",
      "resolved": "https://registry.npmjs.org/@changesets/cli/-/cli-2.27.10.tgz",
      "integrity": "sha512-PfeXjvs9OfQJV8QSFFHjwHX3QnUL9elPEQ47SgkiwzLgtKGyuikWjrdM+lO9MXzOE22FO9jEGkcs4b+B6D6X0Q==",
      "license": "MIT",
      "dependencies": {
        "@changesets/apply-release-plan": "^7.0.6",
        "@changesets/assemble-release-plan": "^6.0.5",
        "@changesets/changelog-git": "^0.2.0",
        "@changesets/config": "^3.0.4",
        "@changesets/errors": "^0.2.0",
        "@changesets/get-dependents-graph": "^2.1.2",
        "@changesets/get-release-plan": "^4.0.5",
        "@changesets/git": "^3.0.2",
        "@changesets/logger": "^0.1.1",
        "@changesets/pre": "^2.0.1",
        "@changesets/read": "^0.6.2",
        "@changesets/should-skip-package": "^0.1.1",
        "@changesets/types": "^6.0.0",
        "@changesets/write": "^0.3.2",
        "@manypkg/get-packages": "^1.1.3",
        "ansi-colors": "^4.1.3",
        "ci-info": "^3.7.0",
        "enquirer": "^2.3.0",
        "external-editor": "^3.1.0",
        "fs-extra": "^7.0.1",
        "mri": "^1.2.0",
        "p-limit": "^2.2.0",
        "package-manager-detector": "^0.2.0",
        "picocolors": "^1.1.0",
        "resolve-from": "^5.0.0",
        "semver": "^7.5.3",
        "spawndamnit": "^3.0.1",
        "term-size": "^2.1.0"
      },
      "bin": {
        "changeset": "bin.js"
      }
    },
    "node_modules/@changesets/config": {
      "version": "3.0.4",
      "resolved": "https://registry.npmjs.org/@changesets/config/-/config-3.0.4.tgz",
      "integrity": "sha512-+DiIwtEBpvvv1z30f8bbOsUQGuccnZl9KRKMM/LxUHuDu5oEjmN+bJQ1RIBKNJjfYMQn8RZzoPiX0UgPaLQyXw==",
      "license": "MIT",
      "dependencies": {
        "@changesets/errors": "^0.2.0",
        "@changesets/get-dependents-graph": "^2.1.2",
        "@changesets/logger": "^0.1.1",
        "@changesets/types": "^6.0.0",
        "@manypkg/get-packages": "^1.1.3",
        "fs-extra": "^7.0.1",
        "micromatch": "^4.0.8"
      }
    },
    "node_modules/@changesets/errors": {
      "version": "0.2.0",
      "resolved": "https://registry.npmjs.org/@changesets/errors/-/errors-0.2.0.tgz",
      "integrity": "sha512-6BLOQUscTpZeGljvyQXlWOItQyU71kCdGz7Pi8H8zdw6BI0g3m43iL4xKUVPWtG+qrrL9DTjpdn8eYuCQSRpow==",
      "license": "MIT",
      "dependencies": {
        "extendable-error": "^0.1.5"
      }
    },
    "node_modules/@changesets/get-dependents-graph": {
      "version": "2.1.2",
      "resolved": "https://registry.npmjs.org/@changesets/get-dependents-graph/-/get-dependents-graph-2.1.2.tgz",
      "integrity": "sha512-sgcHRkiBY9i4zWYBwlVyAjEM9sAzs4wYVwJUdnbDLnVG3QwAaia1Mk5P8M7kraTOZN+vBET7n8KyB0YXCbFRLQ==",
      "license": "MIT",
      "dependencies": {
        "@changesets/types": "^6.0.0",
        "@manypkg/get-packages": "^1.1.3",
        "picocolors": "^1.1.0",
        "semver": "^7.5.3"
      }
    },
    "node_modules/@changesets/get-release-plan": {
      "version": "4.0.5",
      "resolved": "https://registry.npmjs.org/@changesets/get-release-plan/-/get-release-plan-4.0.5.tgz",
      "integrity": "sha512-E6wW7JoSMcctdVakut0UB76FrrN3KIeJSXvB+DHMFo99CnC3ZVnNYDCVNClMlqAhYGmLmAj77QfApaI3ca4Fkw==",
      "license": "MIT",
      "dependencies": {
        "@changesets/assemble-release-plan": "^6.0.5",
        "@changesets/config": "^3.0.4",
        "@changesets/pre": "^2.0.1",
        "@changesets/read": "^0.6.2",
        "@changesets/types": "^6.0.0",
        "@manypkg/get-packages": "^1.1.3"
      }
    },
    "node_modules/@changesets/get-version-range-type": {
      "version": "0.4.0",
      "resolved": "https://registry.npmjs.org/@changesets/get-version-range-type/-/get-version-range-type-0.4.0.tgz",
      "integrity": "sha512-hwawtob9DryoGTpixy1D3ZXbGgJu1Rhr+ySH2PvTLHvkZuQ7sRT4oQwMh0hbqZH1weAooedEjRsbrWcGLCeyVQ==",
      "license": "MIT"
    },
    "node_modules/@changesets/git": {
      "version": "3.0.2",
      "resolved": "https://registry.npmjs.org/@changesets/git/-/git-3.0.2.tgz",
      "integrity": "sha512-r1/Kju9Y8OxRRdvna+nxpQIsMsRQn9dhhAZt94FLDeu0Hij2hnOozW8iqnHBgvu+KdnJppCveQwK4odwfw/aWQ==",
      "license": "MIT",
      "dependencies": {
        "@changesets/errors": "^0.2.0",
        "@manypkg/get-packages": "^1.1.3",
        "is-subdir": "^1.1.1",
        "micromatch": "^4.0.8",
        "spawndamnit": "^3.0.1"
      }
    },
    "node_modules/@changesets/logger": {
      "version": "0.1.1",
      "resolved": "https://registry.npmjs.org/@changesets/logger/-/logger-0.1.1.tgz",
      "integrity": "sha512-OQtR36ZlnuTxKqoW4Sv6x5YIhOmClRd5pWsjZsddYxpWs517R0HkyiefQPIytCVh4ZcC5x9XaG8KTdd5iRQUfg==",
      "license": "MIT",
      "dependencies": {
        "picocolors": "^1.1.0"
      }
    },
    "node_modules/@changesets/parse": {
      "version": "0.4.0",
      "resolved": "https://registry.npmjs.org/@changesets/parse/-/parse-0.4.0.tgz",
      "integrity": "sha512-TS/9KG2CdGXS27S+QxbZXgr8uPsP4yNJYb4BC2/NeFUj80Rni3TeD2qwWmabymxmrLo7JEsytXH1FbpKTbvivw==",
      "license": "MIT",
      "dependencies": {
        "@changesets/types": "^6.0.0",
        "js-yaml": "^3.13.1"
      }
    },
    "node_modules/@changesets/pre": {
      "version": "2.0.1",
      "resolved": "https://registry.npmjs.org/@changesets/pre/-/pre-2.0.1.tgz",
      "integrity": "sha512-vvBJ/If4jKM4tPz9JdY2kGOgWmCowUYOi5Ycv8dyLnEE8FgpYYUo1mgJZxcdtGGP3aG8rAQulGLyyXGSLkIMTQ==",
      "license": "MIT",
      "dependencies": {
        "@changesets/errors": "^0.2.0",
        "@changesets/types": "^6.0.0",
        "@manypkg/get-packages": "^1.1.3",
        "fs-extra": "^7.0.1"
      }
    },
    "node_modules/@changesets/read": {
      "version": "0.6.2",
      "resolved": "https://registry.npmjs.org/@changesets/read/-/read-0.6.2.tgz",
      "integrity": "sha512-wjfQpJvryY3zD61p8jR87mJdyx2FIhEcdXhKUqkja87toMrP/3jtg/Yg29upN+N4Ckf525/uvV7a4tzBlpk6gg==",
      "license": "MIT",
      "dependencies": {
        "@changesets/git": "^3.0.2",
        "@changesets/logger": "^0.1.1",
        "@changesets/parse": "^0.4.0",
        "@changesets/types": "^6.0.0",
        "fs-extra": "^7.0.1",
        "p-filter": "^2.1.0",
        "picocolors": "^1.1.0"
      }
    },
    "node_modules/@changesets/should-skip-package": {
      "version": "0.1.1",
      "resolved": "https://registry.npmjs.org/@changesets/should-skip-package/-/should-skip-package-0.1.1.tgz",
      "integrity": "sha512-H9LjLbF6mMHLtJIc/eHR9Na+MifJ3VxtgP/Y+XLn4BF7tDTEN1HNYtH6QMcjP1uxp9sjaFYmW8xqloaCi/ckTg==",
      "license": "MIT",
      "dependencies": {
        "@changesets/types": "^6.0.0",
        "@manypkg/get-packages": "^1.1.3"
      }
    },
    "node_modules/@changesets/types": {
      "version": "6.0.0",
      "resolved": "https://registry.npmjs.org/@changesets/types/-/types-6.0.0.tgz",
      "integrity": "sha512-b1UkfNulgKoWfqyHtzKS5fOZYSJO+77adgL7DLRDr+/7jhChN+QcHnbjiQVOz/U+Ts3PGNySq7diAItzDgugfQ==",
      "license": "MIT"
    },
    "node_modules/@changesets/write": {
      "version": "0.3.2",
      "resolved": "https://registry.npmjs.org/@changesets/write/-/write-0.3.2.tgz",
      "integrity": "sha512-kDxDrPNpUgsjDbWBvUo27PzKX4gqeKOlhibaOXDJA6kuBisGqNHv/HwGJrAu8U/dSf8ZEFIeHIPtvSlZI1kULw==",
      "license": "MIT",
      "dependencies": {
        "@changesets/types": "^6.0.0",
        "fs-extra": "^7.0.1",
        "human-id": "^1.0.2",
        "prettier": "^2.7.1"
      }
    },
    "node_modules/@manypkg/find-root": {
      "version": "1.1.0",
      "resolved": "https://registry.npmjs.org/@manypkg/find-root/-/find-root-1.1.0.tgz",
      "integrity": "sha512-mki5uBvhHzO8kYYix/WRy2WX8S3B5wdVSc9D6KcU5lQNglP2yt58/VfLuAK49glRXChosY8ap2oJ1qgma3GUVA==",
      "license": "MIT",
      "dependencies": {
        "@babel/runtime": "^7.5.5",
        "@types/node": "^12.7.1",
        "find-up": "^4.1.0",
        "fs-extra": "^8.1.0"
      }
    },
    "node_modules/@manypkg/find-root/node_modules/@types/node": {
      "version": "12.20.55",
      "resolved": "https://registry.npmjs.org/@types/node/-/node-12.20.55.tgz",
      "integrity": "sha512-J8xLz7q2OFulZ2cyGTLE1TbbZcjpno7FaN6zdJNrgAdrJ+DZzh/uFR6YrTb4C+nXakvud8Q4+rbhoIWlYQbUFQ==",
      "license": "MIT"
    },
    "node_modules/@manypkg/find-root/node_modules/fs-extra": {
      "version": "8.1.0",
      "resolved": "https://registry.npmjs.org/fs-extra/-/fs-extra-8.1.0.tgz",
      "integrity": "sha512-yhlQgA6mnOJUKOsRUFsgJdQCvkKhcz8tlZG5HBQfReYZy46OwLcY+Zia0mtdHsOo9y/hP+CxMN0TU9QxoOtG4g==",
      "license": "MIT",
      "dependencies": {
        "graceful-fs": "^4.2.0",
        "jsonfile": "^4.0.0",
        "universalify": "^0.1.0"
      },
      "engines": {
        "node": ">=6 <7 || >=8"
      }
    },
    "node_modules/@manypkg/get-packages": {
      "version": "1.1.3",
      "resolved": "https://registry.npmjs.org/@manypkg/get-packages/-/get-packages-1.1.3.tgz",
      "integrity": "sha512-fo+QhuU3qE/2TQMQmbVMqaQ6EWbMhi4ABWP+O4AM1NqPBuy0OrApV5LO6BrrgnhtAHS2NH6RrVk9OL181tTi8A==",
      "license": "MIT",
      "dependencies": {
        "@babel/runtime": "^7.5.5",
        "@changesets/types": "^4.0.1",
        "@manypkg/find-root": "^1.1.0",
        "fs-extra": "^8.1.0",
        "globby": "^11.0.0",
        "read-yaml-file": "^1.1.0"
      }
    },
    "node_modules/@manypkg/get-packages/node_modules/@changesets/types": {
      "version": "4.1.0",
      "resolved": "https://registry.npmjs.org/@changesets/types/-/types-4.1.0.tgz",
      "integrity": "sha512-LDQvVDv5Kb50ny2s25Fhm3d9QSZimsoUGBsUioj6MC3qbMUCuC8GPIvk/M6IvXx3lYhAs0lwWUQLb+VIEUCECw==",
      "license": "MIT"
    },
    "node_modules/@manypkg/get-packages/node_modules/fs-extra": {
      "version": "8.1.0",
      "resolved": "https://registry.npmjs.org/fs-extra/-/fs-extra-8.1.0.tgz",
      "integrity": "sha512-yhlQgA6mnOJUKOsRUFsgJdQCvkKhcz8tlZG5HBQfReYZy46OwLcY+Zia0mtdHsOo9y/hP+CxMN0TU9QxoOtG4g==",
      "license": "MIT",
      "dependencies": {
        "graceful-fs": "^4.2.0",
        "jsonfile": "^4.0.0",
        "universalify": "^0.1.0"
      },
      "engines": {
        "node": ">=6 <7 || >=8"
      }
    },
    "node_modules/@nodelib/fs.scandir": {
      "version": "2.1.5",
      "resolved": "https://registry.npmjs.org/@nodelib/fs.scandir/-/fs.scandir-2.1.5.tgz",
      "integrity": "sha512-vq24Bq3ym5HEQm2NKCr3yXDwjc7vTsEThRDnkp2DK9p1uqLR+DHurm/NOTo0KG7HYHU7eppKZj3MyqYuMBf62g==",
      "license": "MIT",
      "dependencies": {
        "@nodelib/fs.stat": "2.0.5",
        "run-parallel": "^1.1.9"
      },
      "engines": {
        "node": ">= 8"
      }
    },
    "node_modules/@nodelib/fs.stat": {
      "version": "2.0.5",
      "resolved": "https://registry.npmjs.org/@nodelib/fs.stat/-/fs.stat-2.0.5.tgz",
      "integrity": "sha512-RkhPPp2zrqDAQA/2jNhnztcPAlv64XdhIp7a7454A5ovI7Bukxgt7MX7udwAu3zg1DcpPU0rz3VV1SeaqvY4+A==",
      "license": "MIT",
      "engines": {
        "node": ">= 8"
      }
    },
    "node_modules/@nodelib/fs.walk": {
      "version": "1.2.8",
      "resolved": "https://registry.npmjs.org/@nodelib/fs.walk/-/fs.walk-1.2.8.tgz",
      "integrity": "sha512-oGB+UxlgWcgQkgwo8GcEGwemoTFt3FIO9ababBmaGwXIoBKZ+GTy0pP185beGg7Llih/NSHSV2XAs1lnznocSg==",
      "license": "MIT",
      "dependencies": {
        "@nodelib/fs.scandir": "2.1.5",
        "fastq": "^1.6.0"
      },
      "engines": {
        "node": ">= 8"
      }
    },
    "node_modules/@toastdotdev/lib": {
      "version": "0.0.1",
      "resolved": "https://registry.npmjs.org/@toastdotdev/lib/-/lib-0.0.1.tgz",
      "integrity": "sha512-aNCJ7WzEK3im7mNdDMRo1RsnPiHkzNzFY5rBSL3nN9bTndVIoVCRp9gWM23g32h/GgKeo+jHV5TErTFiVJ2FNA==",
      "license": "MIT",
      "engines": {
        "node": ">= 10"
      },
      "optionalDependencies": {
        "@toastdotdev/lib-darwin-arm64": "0.0.1",
        "@toastdotdev/lib-darwin-x64": "0.0.1",
        "@toastdotdev/lib-linux-x64-gnu": "0.0.1",
        "@toastdotdev/lib-win32-x64-msvc": "0.0.1"
      }
    },
    "node_modules/@toastdotdev/lib-darwin-arm64": {
      "version": "0.0.1",
      "resolved": "https://registry.npmjs.org/@toastdotdev/lib-darwin-arm64/-/lib-darwin-arm64-0.0.1.tgz",
      "integrity": "sha512-6UbPdjDFeZsH/2gdNpc3YKVI9FF2VYGLaVUYSUfywpfw4EbAfw/xS+4VZR1ThdowEkoP1Bgy360z3/Iwmv1svg==",
      "cpu": [
        "arm64"
      ],
      "license": "MIT",
      "optional": true,
      "os": [
        "darwin"
      ],
      "engines": {
        "node": ">= 10"
      }
    },
    "node_modules/@toastdotdev/lib-darwin-x64": {
      "version": "0.0.1",
      "resolved": "https://registry.npmjs.org/@toastdotdev/lib-darwin-x64/-/lib-darwin-x64-0.0.1.tgz",
      "integrity": "sha512-nesyX960NPgXm8if2c0UUZwCVkhAi/gUGDnd8kAh5cKhb2ioxE37qgGTOHdyyM7IA73zZzDAv1tD9yZuPlHM+Q==",
      "cpu": [
        "x64"
      ],
      "license": "MIT",
      "optional": true,
      "os": [
        "darwin"
      ],
      "engines": {
        "node": ">= 10"
      }
    },
    "node_modules/@toastdotdev/lib-linux-x64-gnu": {
      "version": "0.0.1",
      "resolved": "https://registry.npmjs.org/@toastdotdev/lib-linux-x64-gnu/-/lib-linux-x64-gnu-0.0.1.tgz",
      "integrity": "sha512-ThaNF545J8lFOlYmFuuXHFj+PpNZSQg58hjgRM69uf5wNZB3AuiHLGyV0yHtenCUfFKd9OeG2jTtSxaTgOLPbA==",
      "cpu": [
        "x64"
      ],
      "license": "MIT",
      "optional": true,
      "os": [
        "linux"
      ],
      "engines": {
        "node": ">= 10"
      }
    },
    "node_modules/@toastdotdev/lib-win32-x64-msvc": {
      "version": "0.0.1",
      "resolved": "https://registry.npmjs.org/@toastdotdev/lib-win32-x64-msvc/-/lib-win32-x64-msvc-0.0.1.tgz",
      "integrity": "sha512-xPL3bqnRwEXUzO6bxErvcNiQ+kH4K3E78cpjYu3q+94np9tb0VpCj38WrD8xyQFhvbvnvS+SP8MbZcBFTPgrRA==",
      "cpu": [
        "x64"
      ],
      "license": "MIT",
      "optional": true,
      "os": [
        "win32"
      ],
      "engines": {
        "node": ">= 10"
      }
    },
    "node_modules/@types/cors": {
      "version": "2.8.17",
      "resolved": "https://registry.npmjs.org/@types/cors/-/cors-2.8.17.tgz",
      "integrity": "sha512-8CGDvrBj1zgo2qE+oS3pOCyYNqCPryMWY2bGfwA0dcfopWGgxs+78df0Rs3rc9THP4JkOhLsAa+15VdpAqkcUA==",
      "dev": true,
      "license": "MIT",
      "dependencies": {
        "@types/node": "*"
      }
    },
    "node_modules/@types/jsonwebtoken": {
      "version": "9.0.7",
      "resolved": "https://registry.npmjs.org/@types/jsonwebtoken/-/jsonwebtoken-9.0.7.tgz",
      "integrity": "sha512-ugo316mmTYBl2g81zDFnZ7cfxlut3o+/EQdaP7J8QN2kY6lJ22hmQYCK5EHcJHbrW+dkCGSCPgbG8JtYj6qSrg==",
      "license": "MIT",
      "dependencies": {
        "@types/node": "*"
      }
    },
    "node_modules/@types/node": {
      "version": "22.7.1",
      "resolved": "https://registry.npmjs.org/@types/node/-/node-22.7.1.tgz",
      "integrity": "sha512-adOMRLVmleuWs/5V/w5/l7o0chDK/az+5ncCsIapTKogsu/3MVWvSgP58qVTXi5IwpfGt8pMobNq9rOWtJyu5Q==",
      "license": "MIT",
      "dependencies": {
        "undici-types": "~6.19.2"
      }
    },
    "node_modules/undici-types": {
      "version": "6.19.8",
      "resolved": "https://registry.npmjs.org/undici-types/-/undici-types-6.19.8.tgz",
      "integrity": "sha512-ve2KP6f/JnbPBFyobGHuerC9g1FYGn/F8n1LWTwNxCEzd6IfqTwUQcNXgEtmmQ6DlRrC1hrSrBnCZPokRrDHjw==",
      "license": "MIT"
    }
  }
}